
Microsoft Visual Studio Solution File, Format Version 12.00
# Visual Studio Version 17
VisualStudioVersion = 17.4.33103.184
MinimumVisualStudioVersion = 10.0.40219.1
Project("{778DAE3C-4631-46EA-AA77-85C1314464D9}") = "OdooAPI_Test", "OdooAPI_Test\OdooAPI_Test.vbproj", "{5662BEB1-160A-4C8F-8454-F9A619972255}"
EndProject
Global
	GlobalSection(SolutionConfigurationPlatforms) = preSolution
		Debug|Any CPU = Debug|Any CPU
		Release|Any CPU = Release|Any CPU
	EndGlobalSection
	GlobalSection(ProjectConfigurationPlatforms) = postSolution
		{5662BEB1-160A-4C8F-8454-F9A619972255}.Debug|Any CPU.ActiveCfg = Debug|Any CPU
		{5662BEB1-160A-4C8F-8454-F9A619972255}.Debug|Any CPU.Build.0 = Debug|Any CPU
		{5662BEB1-160A-4C8F-8454-F9A619972255}.Release|Any CPU.ActiveCfg = Release|Any CPU
		{5662BEB1-160A-4C8F-8454-F9A619972255}.Release|Any CPU.Build.0 = Release|Any CPU
	EndGlobalSection
	GlobalSection(SolutionProperties) = preSolution
		HideSolutionNode = FALSE
	EndGlobalSection
	GlobalSection(ExtensibilityGlobals) = postSolution
		SolutionGuid = {627AD670-959E-4C4F-8439-0D3E3CADCBEB}
	EndGlobalSection
EndGlobal
